
Microsoft Visual Studio Solution File, Format Version 12.00
# Visual Studio 15
Project("{FAE04EC0-301F-11D3-BF4B-00C04F79EFBC}") = "FalloutMsging", "FalloutMsging\FalloutMsging.csproj", "{FC44A7F0-ED37-47A6-8887-33ADFFE05BB9}"
EndProject
Global
	GlobalSection(SolutionConfigurationPlatforms) = preSolution
		Debug|Any CPU = Debug|Any CPU
		Release|Any CPU = Release|Any CPU
	EndGlobalSection
	GlobalSection(ProjectConfigurationPlatforms) = postSolution
		{FC44A7F0-ED37-47A6-8887-33ADFFE05BB9}.Debug|Any CPU.ActiveCfg = Debug|Any CPU
		{FC44A7F0-ED37-47A6-8887-33ADFFE05BB9}.Debug|Any CPU.Build.0 = Debug|Any CPU
		{FC44A7F0-ED37-47A6-8887-33ADFFE05BB9}.Release|Any CPU.ActiveCfg = Release|Any CPU
		{FC44A7F0-ED37-47A6-8887-33ADFFE05BB9}.Release|Any CPU.Build.0 = Release|Any CPU
	EndGlobalSection
EndGlobal
